// !$*UTF8*$!
{
	archiveVersion = 1;
	classes = {
	};
	objectVersion = 46;
	objects = {

/* Begin PBXBuildFile section */
		A3926BFF1B52EF9200ECBE68 /* AppDelegate.swift in Sources */ = {isa = PBXBuildFile; fileRef = A3926BFE1B52EF9200ECBE68 /* AppDelegate.swift */; };
		A3926C011B52EF9200ECBE68 /* ViewController.swift in Sources */ = {isa = PBXBuildFile; fileRef = A3926C001B52EF9200ECBE68 /* ViewController.swift */; };
		A3926C041B52EF9200ECBE68 /* Main.storyboard in Resources */ = {isa = PBXBuildFile; fileRef = A3926C021B52EF9200ECBE68 /* Main.storyboard */; };
		A3926C061B52EF9300ECBE68 /* Images.xcassets in Resources */ = {isa = PBXBuildFile; fileRef = A3926C051B52EF9300ECBE68 /* Images.xcassets */; };
		A3926C091B52EF9300ECBE68 /* LaunchScreen.xib in Resources */ = {isa = PBXBuildFile; fileRef = A3926C071B52EF9300ECBE68 /* LaunchScreen.xib */; };
		A3926C151B52EF9300ECBE68 /* EZLapseTests.swift in Sources */ = {isa = PBXBuildFile; fileRef = A3926C141B52EF9300ECBE68 /* EZLapseTests.swift */; };
/* End PBXBuildFile section */

/* Begin PBXContainerItemProxy section */
		A3926C0F1B52EF9300ECBE68 /* PBXContainerItemProxy */ = {
			isa = PBXContainerItemProxy;
			containerPortal = A3926BF11B52EF9200ECBE68 /* Project object */;
			proxyType = 1;
			remoteGlobalIDString = A3926BF81B52EF9200ECBE68;
			remoteInfo = EZLapse;
		};
/* End PBXContainerItemProxy section */

/* Begin PBXFileReference section */
		A3926BF91B52EF9200ECBE68 /* EZLapse.app */ = {isa = PBXFileReference; explicitFileType = wrapper.application; includeInIndex = 0; path = EZLapse.app; sourceTree = BUILT_PRODUCTS_DIR; };
		A3926BFD1B52EF9200ECBE68 /* Info.plist */ = {isa = PBXFileReference; lastKnownFileType = text.plist.xml; path = Info.plist; sourceTree = "<group>"; };
		A3926BFE1B52EF9200ECBE68 /* AppDelegate.swift */ = {isa = PBXFileReference; lastKnownFileType = sourcecode.swift; path = AppDelegate.swift; sourceTree = "<group>"; };
		A3926C001B52EF9200ECBE68 /* ViewController.swift */ = {isa = PBXFileReference; lastKnownFileType = sourcecode.swift; path = ViewController.swift; sourceTree = "<group>"; };
		A3926C031B52EF9200ECBE68 /* Base */ = {isa = PBXFileReference; lastKnownFileType = file.storyboard; name = Base; path = Base.lproj/Main.storyboard; sourceTree = "<group>"; };
		A3926C051B52EF9300ECBE68 /* Images.xcassets */ = {isa = PBXFileReference; lastKnownFileType = folder.assetcatalog; path = Images.xcassets; sourceTree = "<group>"; };
		A3926C081B52EF9300ECBE68 /* Base */ = {isa = PBXFileReference; lastKnownFileType = file.xib; name = Base; path = Base.lproj/LaunchScreen.xib; sourceTree = "<group>"; };
		A3926C0E1B52EF9300ECBE68 /* EZLapseTests.xctest */ = {isa = PBXFileReference; explicitFileType = wrapper.cfbundle; includeInIndex = 0; path = EZLapseTests.xctest; sourceTree = BUILT_PRODUCTS_DIR; };
		A3926C131B52EF9300ECBE68 /* Info.plist */ = {isa = PBXFileReference; lastKnownFileType = text.plist.xml; path = Info.plist; sourceTree = "<group>"; };
		A3926C141B52EF9300ECBE68 /* EZLapseTests.swift */ = {isa = PBXFileReference; lastKnownFileType = sourcecode.swift; path = EZLapseTests.swift; sourceTree = "<group>"; };
/* End PBXFileReference section */

/* Begin PBXFrameworksBuildPhase section */
		A3926BF61B52EF9200ECBE68 /* Frameworks */ = {
			isa = PBXFrameworksBuildPhase;
			buildActionMask = 2147483647;
			files = (
			);
			runOnlyForDeploymentPostprocessing = 0;
		};
		A3926C0B1B52EF9300ECBE68 /* Frameworks */ = {
			isa = PBXFrameworksBuildPhase;
			buildActionMask = 2147483647;
			files = (
			);
			runOnlyForDeploymentPostprocessing = 0;
		};
/* End PBXFrameworksBuildPhase section */

/* Begin PBXGroup section */
		A3926BF01B52EF9200ECBE68 = {
			isa = PBXGroup;
			children = (
				A3926BFB1B52EF9200ECBE68 /* EZLapse */,
				A3926C111B52EF9300ECBE68 /* EZLapseTests */,
				A3926BFA1B52EF9200ECBE68 /* Products */,
			);
			sourceTree = "<group>";
		};
		A3926BFA1B52EF9200ECBE68 /* Products */ = {
			isa = PBXGroup;
			children = (
				A3926BF91B52EF9200ECBE68 /* EZLapse.app */,
				A3926C0E1B52EF9300ECBE68 /* EZLapseTests.xctest */,
			);
			name = Products;
			sourceTree = "<group>";
		};
		A3926BFB1B52EF9200ECBE68 /* EZLapse */ = {
			isa = PBXGroup;
			children = (
				A3926BFE1B52EF9200ECBE68 /* AppDelegate.swift */,
				A3926C001B52EF9200ECBE68 /* ViewController.swift */,
				A3926C021B52EF9200ECBE68 /* Main.storyboard */,
				A3926C051B52EF9300ECBE68 /* Images.xcassets */,
				A3926C071B52EF9300ECBE68 /* LaunchScreen.xib */,
				A3926BFC1B52EF9200ECBE68 /* Supporting Files */,
			);
			path = EZLapse;
			sourceTree = "<group>";
		};
		A3926BFC1B52EF9200ECBE68 /* Supporting Files */ = {
			isa = PBXGroup;
			children = (
				A3926BFD1B52EF9200ECBE68 /* Info.plist */,
			);
			name = "Supporting Files";
			sourceTree = "<group>";
		};
		A3926C111B52EF9300ECBE68 /* EZLapseTests */ = {
			isa = PBXGroup;
			children = (
				A3926C141B52EF9300ECBE68 /* EZLapseTests.swift */,
				A3926C121B52EF9300ECBE68 /* Supporting Files */,
			);
			path = EZLapseTests;
			sourceTree = "<group>";
		};
		A3926C121B52EF9300ECBE68 /* Supporting Files */ = {
			isa = PBXGroup;
			children = (
				A3926C131B52EF9300ECBE68 /* Info.plist */,
			);
			name = "Supporting Files";
			sourceTree = "<group>";
		};
/* End PBXGroup section */

/* Begin PBXNativeTarget section */
		A3926BF81B52EF9200ECBE68 /* EZLapse */ = {
			isa = PBXNativeTarget;
			buildConfigurationList = A3926C181B52EF9300ECBE68 /* Build configuration list for PBXNativeTarget "EZLapse" */;
			buildPhases = (
				A3926BF51B52EF9200ECBE68 /* Sources */,
				A3926BF61B52EF9200ECBE68 /* Frameworks */,
				A3926BF71B52EF9200ECBE68 /* Resources */,
			);
			buildRules = (
			);
			dependencies = (
			);
			name = EZLapse;
			productName = EZLapse;
			productReference = A3926BF91B52EF9200ECBE68 /* EZLapse.app */;
			productType = "com.apple.product-type.application";
		};
		A3926C0D1B52EF9300ECBE68 /* EZLapseTests */ = {
			isa = PBXNativeTarget;
			buildConfigurationList = A3926C1B1B52EF9300ECBE68 /* Build configuration list for PBXNativeTarget "EZLapseTests" */;
			buildPhases = (
				A3926C0A1B52EF9300ECBE68 /* Sources */,
				A3926C0B1B52EF9300ECBE68 /* Frameworks */,
				A3926C0C1B52EF9300ECBE68 /* Resources */,
			);
			buildRules = (
			);
			dependencies = (
				A3926C101B52EF9300ECBE68 /* PBXTargetDependency */,
			);
			name = EZLapseTests;
			productName = EZLapseTests;
			productReference = A3926C0E1B52EF9300ECBE68 /* EZLapseTests.xctest */;
			productType = "com.apple.product-type.bundle.unit-test";
		};
/* End PBXNativeTarget section */

/* Begin PBXProject section */
		A3926BF11B52EF9200ECBE68 /* Project object */ = {
			isa = PBXProject;
			attributes = {
				LastUpgradeCheck = 0610;
				ORGANIZATIONNAME = "Jeffrey Chen";
				TargetAttributes = {
					A3926BF81B52EF9200ECBE68 = {
						CreatedOnToolsVersion = 6.1.1;
					};
					A3926C0D1B52EF9300ECBE68 = {
						CreatedOnToolsVersion = 6.1.1;
						TestTargetID = A3926BF81B52EF9200ECBE68;
					};
				};
			};
			buildConfigurationList = A3926BF41B52EF9200ECBE68 /* Build configuration list for PBXProject "EZLapse" */;
			compatibilityVersion = "Xcode 3.2";
			developmentRegion = English;
			hasScannedForEncodings = 0;
			knownRegions = (
				en,
				Base,
			);
			mainGroup = A3926BF01B52EF9200ECBE68;
			productRefGroup = A3926BFA1B52EF9200ECBE68 /* Products */;
			projectDirPath = "";
			projectRoot = "";
			targets = (
				A3926BF81B52EF9200ECBE68 /* EZLapse */,
				A3926C0D1B52EF9300ECBE68 /* EZLapseTests */,
			);
		};
/* End PBXProject section */

/* Begin PBXResourcesBuildPhase section */
		A3926BF71B52EF9200ECBE68 /* Resources */ = {
			isa = PBXResourcesBuildPhase;
			buildActionMask = 2147483647;
			files = (
				A3926C041B52EF9200ECBE68 /* Main.storyboard in Resources */,
				A3926C091B52EF9300ECBE68 /* LaunchScreen.xib in Resources */,
				A3926C061B52EF9300ECBE68 /* Images.xcassets in Resources */,
			);
			runOnlyForDeploymentPostprocessing = 0;
		};
		A3926C0C1B52EF9300ECBE68 /* Resources */ = {
			isa = PBXResourcesBuildPhase;
			buildActionMask = 2147483647;
			files = (
			);
			runOnlyForDeploymentPostprocessing = 0;
		};
/* End PBXResourcesBuildPhase section */

/* Begin PBXSourcesBuildPhase section */
		A3926BF51B52EF9200ECBE68 /* Sources */ = {
			isa = PBXSourcesBuildPhase;
			buildActionMask = 2147483647;
			files = (
				A3926C011B52EF9200ECBE68 /* ViewController.swift in Sources */,
				A3926BFF1B52EF9200ECBE68 /* AppDelegate.swift in Sources */,
			);
			runOnlyForDeploymentPostprocessing = 0;
		};
		A3926C0A1B52EF9300ECBE68 /* Sources */ = {
			isa = PBXSourcesBuildPhase;
			buildActionMask = 2147483647;
			files = (
				A3926C151B52EF9300ECBE68 /* EZLapseTests.swift in Sources */,
			);
			runOnlyForDeploymentPostprocessing = 0;
		};
/* End PBXSourcesBuildPhase section */

/* Begin PBXTargetDependency section */
		A3926C101B52EF9300ECBE68 /* PBXTargetDependency */ = {
			isa = PBXTargetDependency;
			target = A3926BF81B52EF9200ECBE68 /* EZLapse */;
			targetProxy = A3926C0F1B52EF9300ECBE68 /* PBXContainerItemProxy */;
		};
/* End PBXTargetDependency section */

/* Begin PBXVariantGroup section */
		A3926C021B52EF9200ECBE68 /* Main.storyboard */ = {
			isa = PBXVariantGroup;
			children = (
				A3926C031B52EF9200ECBE68 /* Base */,
			);
			name = Main.storyboard;
			sourceTree = "<group>";
		};
		A3926C071B52EF9300ECBE68 /* LaunchScreen.xib */ = {
			isa = PBXVariantGroup;
			children = (
				A3926C081B52EF9300ECBE68 /* Base */,
			);
			name = LaunchScreen.xib;
			sourceTree = "<group>";
		};
/* End PBXVariantGroup section */

/* Begin XCBuildConfiguration section */
		A3926C161B52EF9300ECBE68 /* Debug */ = {
			isa = XCBuildConfiguration;
			buildSettings = {
				ALWAYS_SEARCH_USER_PATHS = NO;
				CLANG_CXX_LANGUAGE_STANDARD = "gnu++0x";
				CLANG_CXX_LIBRARY = "libc++";
				CLANG_ENABLE_MODULES = YES;
				CLANG_ENABLE_OBJC_ARC = YES;
				CLANG_WARN_BOOL_CONVERSION = YES;
				CLANG_WARN_CONSTANT_CONVERSION = YES;
				CLANG_WARN_DIRECT_OBJC_ISA_USAGE = YES_ERROR;
				CLANG_WARN_EMPTY_BODY = YES;
				CLANG_WARN_ENUM_CONVERSION = YES;
				CLANG_WARN_INT_CONVERSION = YES;
				CLANG_WARN_OBJC_ROOT_CLASS = YES_ERROR;
				CLANG_WARN_UNREACHABLE_CODE = YES;
				CLANG_WARN__DUPLICATE_METHOD_MATCH = YES;
				"CODE_SIGN_IDENTITY[sdk=iphoneos*]" = "iPhone Developer";
				COPY_PHASE_STRIP = NO;
				ENABLE_STRICT_OBJC_MSGSEND = YES;
				GCC_C_LANGUAGE_STANDARD = gnu99;
				GCC_DYNAMIC_NO_PIC = NO;
				GCC_OPTIMIZATION_LEVEL = 0;
				GCC_PREPROCESSOR_DEFINITIONS = (
					"DEBUG=1",
					"$(inherited)",
				);
				GCC_SYMBOLS_PRIVATE_EXTERN = NO;
				GCC_WARN_64_TO_32_BIT_CONVERSION = YES;
				GCC_WARN_ABOUT_RETURN_TYPE = YES_ERROR;
				GCC_WARN_UNDECLARED_SELECTOR = YES;
				GCC_WARN_UNINITIALIZED_AUTOS = YES_AGGRESSIVE;
				GCC_WARN_UNUSED_FUNCTION = YES;
				GCC_WARN_UNUSED_VARIABLE = YES;
				IPHONEOS_DEPLOYMENT_TARGET = 8.1;
				MTL_ENABLE_DEBUG_INFO = YES;
				ONLY_ACTIVE_ARCH = YES;
				SDKROOT = iphoneos;
				SWIFT_OPTIMIZATION_LEVEL = "-Onone";
				TARGETED_DEVICE_FAMILY = "1,2";
			};
			name = Debug;
		};
		A3926C171B52EF9300ECBE68 /* Release */ = {
			isa = XCBuildConfiguration;
			buildSettings = {
				ALWAYS_SEARCH_USER_PATHS = NO;
				CLANG_CXX_LANGUAGE_STANDARD = "gnu++0x";
				CLANG_CXX_LIBRARY = "libc++";
				CLANG_ENABLE_MODULES = YES;
				CLANG_ENABLE_OBJC_ARC = YES;
				CLANG_WARN_BOOL_CONVERSION = YES;
				CLANG_WARN_CONSTANT_CONVERSION = YES;
				CLANG_WARN_DIRECT_OBJC_ISA_USAGE = YES_ERROR;
				CLANG_WARN_EMPTY_BODY = YES;
				CLANG_WARN_ENUM_CONVERSION = YES;
				CLANG_WARN_INT_CONVERSION = YES;
				CLANG_WARN_OBJC_ROOT_CLASS = YES_ERROR;
				CLANG_WARN_UNREACHABLE_CODE = YES;
				CLANG_WARN__DUPLICATE_METHOD_MATCH = YES;
				"CODE_SIGN_IDENTITY[sdk=iphoneos*]" = "iPhone Developer";
				COPY_PHASE_STRIP = YES;
				ENABLE_NS_ASSERTIONS = NO;
				ENABLE_STRICT_OBJC_MSGSEND = YES;
				GCC_C_LANGUAGE_STANDARD = gnu99;
				GCC_WARN_64_TO_32_BIT_CONVERSION = YES;
				GCC_WARN_ABOUT_RETURN_TYPE = YES_ERROR;
				GCC_WARN_UNDECLARED_SELECTOR = YES;
				GCC_WARN_UNINITIALIZED_AUTOS = YES_AGGRESSIVE;
				GCC_WARN_UNUSED_FUNCTION = YES;
				GCC_WARN_UNUSED_VARIABLE = YES;
				IPHONEOS_DEPLOYMENT_TARGET = 8.1;
				MTL_ENABLE_DEBUG_INFO = NO;
				SDKROOT = iphoneos;
				TARGETED_DEVICE_FAMILY = "1,2";
				VALIDATE_PRODUCT = YES;
			};
			name = Release;
		};
		A3926C191B52EF9300ECBE68 /* Debug */ = {
			isa = XCBuildConfiguration;
			buildSettings = {
				ASSETCATALOG_COMPILER_APPICON_NAME = AppIcon;
				INFOPLIST_FILE = EZLapse/Info.plist;
				LD_RUNPATH_SEARCH_PATHS = "$(inherited) @executable_path/Frameworks";
				PRODUCT_NAME = "$(TARGET_NAME)";
			};
			name = Debug;
		};
		A3926C1A1B52EF9300ECBE68 /* Release */ = {
			isa = XCBuildConfiguration;
			buildSettings = {
				ASSETCATALOG_COMPILER_APPICON_NAME = AppIcon;
				INFOPLIST_FILE = EZLapse/Info.plist;
				LD_RUNPATH_SEARCH_PATHS = "$(inherited) @executable_path/Frameworks";
				PRODUCT_NAME = "$(TARGET_NAME)";
			};
			name = Release;
		};
		A3926C1C1B52EF9300ECBE68 /* Debug */ = {
			isa = XCBuildConfiguration;
			buildSettings = {
				BUNDLE_LOADER = "$(TEST_HOST)";
				FRAMEWORK_SEARCH_PATHS = (
					"$(SDKROOT)/Developer/Library/Frameworks",
					"$(inherited)",
				);
				GCC_PREPROCESSOR_DEFINITIONS = (
					"DEBUG=1",
					"$(inherited)",
				);
				INFOPLIST_FILE = EZLapseTests/Info.plist;
				LD_RUNPATH_SEARCH_PATHS = "$(inherited) @executable_path/Frameworks @loader_path/Frameworks";
				PRODUCT_NAME = "$(TARGET_NAME)";
				TEST_HOST = "$(BUILT_PRODUCTS_DIR)/EZLapse.app/EZLapse";
			};
			name = Debug;
		};
		A3926C1D1B52EF9300ECBE68 /* Release */ = {
			isa = XCBuildConfiguration;
			buildSettings = {
				BUNDLE_LOADER = "$(TEST_HOST)";
				FRAMEWORK_SEARCH_PATHS = (
					"$(SDKROOT)/Developer/Library/Frameworks",
					"$(inherited)",
				);
				INFOPLIST_FILE = EZLapseTests/Info.plist;
				LD_RUNPATH_SEARCH_PATHS = "$(inherited) @executable_path/Frameworks @loader_path/Frameworks";
				PRODUCT_NAME = "$(TARGET_NAME)";
				TEST_HOST = "$(BUILT_PRODUCTS_DIR)/EZLapse.app/EZLapse";
			};
			name = Release;
		};
/* End XCBuildConfiguration section */

/* Begin XCConfigurationList section */
		A3926BF41B52EF9200ECBE68 /* Build configuration list for PBXProject "EZLapse" */ = {
			isa = XCConfigurationList;
			buildConfigurations = (
				A3926C161B52EF9300ECBE68 /* Debug */,
				A3926C171B52EF9300ECBE68 /* Release */,
			);
			defaultConfigurationIsVisible = 0;
			defaultConfigurationName = Release;
		};
		A3926C181B52EF9300ECBE68 /* Build configuration list for PBXNativeTarget "EZLapse" */ = {
			isa = XCConfigurationList;
			buildConfigurations = (
				A3926C191B52EF9300ECBE68 /* Debug */,
				A3926C1A1B52EF9300ECBE68 /* Release */,
			);
			defaultConfigurationIsVisible = 0;
		};
		A3926C1B1B52EF9300ECBE68 /* Build configuration list for PBXNativeTarget "EZLapseTests" */ = {
			isa = XCConfigurationList;
			buildConfigurations = (
				A3926C1C1B52EF9300ECBE68 /* Debug */,
				A3926C1D1B52EF9300ECBE68 /* Release */,
			);
			defaultConfigurationIsVisible = 0;
		};
/* End XCConfigurationList section */
	};
	rootObject = A3926BF11B52EF9200ECBE68 /* Project object */;
}
